{
  "nodes": {
    "nano": {
      "inputs": {
        "nixpkgs": "nixpkgs",
        "roboenv": "roboenv"
      },
      "locked": {
        "lastModified": 1790316946,
        "narHash": "sha256-eqXnpuFkibka5JRNdqc5XimaxVyeRasfIXT2+wBjc58=",
        "owner": "nnctroboticsclub",
        "repo": "nano",
        "rev": "bfb7e4a90056dea87711916da2af93cce4934461",
        "type": "github"
      },
      "original": {
        "owner": "nnctroboticsclub",
        "repo": "nano",
        "type": "github"
      }
    },
    "nixpkgs": {
      "locked": {
        "lastModified": 1790291545,
        "narHash": "sha256-WQhNWIW3PPijuZexyl5Zf0tJuQ7sKt5C9WPXVO4pMuM=",
        "owner": "nixos",
        "repo": "nixpkgs",
        "rev": "7486293a941f7b0ec123f0c431517027f705f60f",
        "type": "github"
      },
      "original": {
        "owner": "nixos",
        "ref": "release-26.05",
        "repo": "nixpkgs",
        "type": "github"
      }
    },
    "nixpkgs_2": {
      "locked": {
        "lastModified": 1790291545,
        "narHash": "sha256-WQhNWIW3PPijuZexyl5Zf0tJuQ7sKt5C9WPXVO4pMuM=",
        "owner": "nixos",
        "repo": "nixpkgs",
        "rev": "7486293a941f7b0ec123f0c431517027f705f60f",
        "type": "github"
      },
      "original": {
        "owner": "nixos",
        "ref": "release-26.05",
        "repo": "nixpkgs",
        "type": "github"
      }
    },
    "pyproject-nix": {
      "inputs": {
        "nixpkgs": [
          "nano",
          "roboenv",
          "nixpkgs"
        ]
      },
      "locked": {
        "lastModified": 1788394333,
        "narHash": "sha256-xYOP0Xym1eVGUaHFx+eJEaycFGoiCbst3fZf0xFHP78=",
        "owner": "pyproject-nix",
        "repo": "pyproject.nix",
        "rev": "6a8a7881d75b6f98967e7b8069f4ead331384301",
        "type": "github"
      },
      "original": {
        "owner": "pyproject-nix",
        "repo": "pyproject.nix",
        "type": "github"
      }
    },
    "pyproject-nix_2": {
      "inputs": {
        "nixpkgs": [
          "roboenv",
          "nixpkgs"
        ]
      },
      "locked": {
        "lastModified": 1788394333,
        "narHash": "sha256-xYOP0Xym1eVGUaHFx+eJEaycFGoiCbst3fZf0xFHP78=",
        "owner": "pyproject-nix",
        "repo": "pyproject.nix",
        "rev": "6a8a7881d75b6f98967e7b8069f4ead331384301",
        "type": "github"
      },
      "original": {
        "owner": "pyproject-nix",
        "repo": "pyproject.nix",
        "type": "github"
      }
    },
    "roboenv": {
      "inputs": {
        "nixpkgs": [
          "nano",
          "nixpkgs"
        ],
        "pyproject-nix": "pyproject-nix",
        "rust-overlay": "rust-overlay"
      },
      "locked": {
        "lastModified": 1790316429,
        "narHash": "sha256-Rv5ksXhRmsxuXtqc8Ll+32JXjSYHMfZqeoR2Lknozh4=",
        "owner": "nnctroboticsclub",
        "repo": "roboenv-nix",
        "rev": "cf5df2fb670629685e6786f9d00e12395553de26",
        "type": "github"
      },
      "original": {
        "owner": "nnctroboticsclub",
        "repo": "roboenv-nix",
        "type": "github"
      }
    },
    "roboenv_2": {
      "inputs": {
        "nixpkgs": "nixpkgs_2",
        "pyproject-nix": "pyproject-nix_2",
        "rust-overlay": "rust-overlay_2"
      },
      "locked": {
        "lastModified": 1790316429,
        "narHash": "sha256-Rv5ksXhRmsxuXtqc8Ll+32JXjSYHMfZqeoR2Lknozh4=",
        "owner": "nnctroboticsclub",
        "repo": "roboenv-nix",
        "rev": "cf5df2fb670629685e6786f9d00e12395553de26",
        "type": "github"
      },
      "original": {
        "owner": "nnctroboticsclub",
        "repo": "roboenv-nix",
        "type": "github"
      }
    },
    "root": {
      "inputs": {
        "nano": "nano",
        "roboenv": "roboenv_2"
      }
    },
    "rust-overlay": {
      "inputs": {
        "nixpkgs": [
          "nano",
          "roboenv",
          "nixpkgs"
        ]
      },
      "locked": {
        "lastModified": 1790234952,
        "narHash": "sha256-tjQa1vDoHJir4lasZTakz/xgmsfB6SRjeQqaIbefFOk=",
        "owner": "oxalica",
        "repo": "rust-overlay",
        "rev": "ed34466c59b766481248959a21a6e46cf0c60468",
        "type": "github"
      },
      "original": {
        "owner": "oxalica",
        "repo": "rust-overlay",
        "type": "github"
      }
    },
    "rust-overlay_2": {
      "inputs": {
        "nixpkgs": [
          "roboenv",
          "nixpkgs"
        ]
      },
      "locked": {
        "lastModified": 1790234952,
        "narHash": "sha256-tjQa1vDoHJir4lasZTakz/xgmsfB6SRjeQqaIbefFOk=",
        "owner": "oxalica",
        "repo": "rust-overlay",
        "rev": "ed34466c59b766481248959a21a6e46cf0c60468",
        "type": "github"
      },
      "original": {
        "owner": "oxalica",
        "repo": "rust-overlay",
        "type": "github"
      }
    }
  },
  "root": "root",
  "version": 7
}
